// !$*UTF8*$!
{
	archiveVersion = 1;
	classes = {
	};
	objectVersion = 77;
	objects = {

/* Begin PBXContainerItemProxy section */
		5E1C0B362D85E54A00BDB6B6 /* PBXContainerItemProxy */ = {
			isa = PBXContainerItemProxy;
			containerPortal = 5E1C0B1D2D85E54900BDB6B6 /* Project object */;
			proxyType = 1;
			remoteGlobalIDString = 5E1C0B242D85E54900BDB6B6;
			remoteInfo = "NFC Tag Reader MIFARE";
		};
		5E1C0B402D85E54A00BDB6B6 /* PBXContainerItemProxy */ = {
			isa = PBXContainerItemProxy;
			containerPortal = 5E1C0B1D2D85E54900BDB6B6 /* Project object */;
			proxyType = 1;
			remoteGlobalIDString = 5E1C0B242D85E54900BDB6B6;
			remoteInfo = "NFC Tag Reader MIFARE";
		};
/* End PBXContainerItemProxy section */

/* Begin PBXFileReference section */
		5E1C0B252D85E54900BDB6B6 /* NFC Tag Reader MIFARE.app */ = {isa = PBXFileReference; explicitFileType = wrapper.application; includeInIndex = 0; path = "NFC Tag Reader MIFARE.app"; sourceTree = BUILT_PRODUCTS_DIR; };
		5E1C0B352D85E54A00BDB6B6 /* NFC Tag Reader MIFARETests.xctest */ = {isa = PBXFileReference; explicitFileType = wrapper.cfbundle; includeInIndex = 0; path = "NFC Tag Reader MIFARETests.xctest"; sourceTree = BUILT_PRODUCTS_DIR; };
		5E1C0B3F2D85E54A00BDB6B6 /* NFC Tag Reader MIFAREUITests.xctest */ = {isa = PBXFileReference; explicitFileType = wrapper.cfbundle; includeInIndex = 0; path = "NFC Tag Reader MIFAREUITests.xctest"; sourceTree = BUILT_PRODUCTS_DIR; };
/* End PBXFileReference section */

/* Begin PBXFileSystemSynchronizedRootGroup section */
		5E1C0B272D85E54900BDB6B6 /* NFC Tag Reader MIFARE */ = {
			isa = PBXFileSystemSynchronizedRootGroup;
			path = "NFC Tag Reader MIFARE";
			sourceTree = "<group>";
		};
		5E1C0B382D85E54A00BDB6B6 /* NFC Tag Reader MIFARETests */ = {
			isa = PBXFileSystemSynchronizedRootGroup;
			path = "NFC Tag Reader MIFARETests";
			sourceTree = "<group>";
		};
		5E1C0B422D85E54A00BDB6B6 /* NFC Tag Reader MIFAREUITests */ = {
			isa = PBXFileSystemSynchronizedRootGroup;
			path = "NFC Tag Reader MIFAREUITests";
			sourceTree = "<group>";
		};
/* End PBXFileSystemSynchronizedRootGroup section */

/* Begin PBXFrameworksBuildPhase section */
		5E1C0B222D85E54900BDB6B6 /* Frameworks */ = {
			isa = PBXFrameworksBuildPhase;
			buildActionMask = 2147483647;
			files = (
			);
			runOnlyForDeploymentPostprocessing = 0;
		};
		5E1C0B322D85E54A00BDB6B6 /* Frameworks */ = {
			isa = PBXFrameworksBuildPhase;
			buildActionMask = 2147483647;
			files = (
			);
			runOnlyForDeploymentPostprocessing = 0;
		};
		5E1C0B3C2D85E54A00BDB6B6 /* Frameworks */ = {
			isa = PBXFrameworksBuildPhase;
			buildActionMask = 2147483647;
			files = (
			);
			runOnlyForDeploymentPostprocessing = 0;
		};
/* End PBXFrameworksBuildPhase section */

/* Begin PBXGroup section */
		5E1C0B1C2D85E54900BDB6B6 = {
			isa = PBXGroup;
			children = (
				5E1C0B272D85E54900BDB6B6 /* NFC Tag Reader MIFARE */,
				5E1C0B382D85E54A00BDB6B6 /* NFC Tag Reader MIFARETests */,
				5E1C0B422D85E54A00BDB6B6 /* NFC Tag Reader MIFAREUITests */,
				5E1C0B262D85E54900BDB6B6 /* Products */,
			);
			sourceTree = "<group>";
		};
		5E1C0B262D85E54900BDB6B6 /* Products */ = {
			isa = PBXGroup;
			children = (
				5E1C0B252D85E54900BDB6B6 /* NFC Tag Reader MIFARE.app */,
				5E1C0B352D85E54A00BDB6B6 /* NFC Tag Reader MIFARETests.xctest */,
				5E1C0B3F2D85E54A00BDB6B6 /* NFC Tag Reader MIFAREUITests.xctest */,
			);
			name = Products;
			sourceTree = "<group>";
		};
/* End PBXGroup section */

/* Begin PBXNativeTarget section */
		5E1C0B242D85E54900BDB6B6 /* NFC Tag Reader MIFARE */ = {
			isa = PBXNativeTarget;
			buildConfigurationList = 5E1C0B492D85E54A00BDB6B6 /* Build configuration list for PBXNativeTarget "NFC Tag Reader MIFARE" */;
			buildPhases = (
				5E1C0B212D85E54900BDB6B6 /* Sources */,
				5E1C0B222D85E54900BDB6B6 /* Frameworks */,
				5E1C0B232D85E54900BDB6B6 /* Resources */,
			);
			buildRules = (
			);
			dependencies = (
			);
			fileSystemSynchronizedGroups = (
				5E1C0B272D85E54900BDB6B6 /* NFC Tag Reader MIFARE */,
			);
			name = "NFC Tag Reader MIFARE";
			packageProductDependencies = (
			);
			productName = "NFC Tag Reader MIFARE";
			productReference = 5E1C0B252D85E54900BDB6B6 /* NFC Tag Reader MIFARE.app */;
			productType = "com.apple.product-type.application";
		};
		5E1C0B342D85E54A00BDB6B6 /* NFC Tag Reader MIFARETests */ = {
			isa = PBXNativeTarget;
			buildConfigurationList = 5E1C0B4C2D85E54B00BDB6B6 /* Build configuration list for PBXNativeTarget "NFC Tag Reader MIFARETests" */;
			buildPhases = (
				5E1C0B312D85E54A00BDB6B6 /* Sources */,
				5E1C0B322D85E54A00BDB6B6 /* Frameworks */,
				5E1C0B332D85E54A00BDB6B6 /* Resources */,
			);
			buildRules = (
			);
			dependencies = (
				5E1C0B372D85E54A00BDB6B6 /* PBXTargetDependency */,
			);
			fileSystemSynchronizedGroups = (
				5E1C0B382D85E54A00BDB6B6 /* NFC Tag Reader MIFARETests */,
			);
			name = "NFC Tag Reader MIFARETests";
			packageProductDependencies = (
			);
			productName = "NFC Tag Reader MIFARETests";
			productReference = 5E1C0B352D85E54A00BDB6B6 /* NFC Tag Reader MIFARETests.xctest */;
			productType = "com.apple.product-type.bundle.unit-test";
		};
		5E1C0B3E2D85E54A00BDB6B6 /* NFC Tag Reader MIFAREUITests */ = {
			isa = PBXNativeTarget;
			buildConfigurationList = 5E1C0B4F2D85E54B00BDB6B6 /* Build configuration list for PBXNativeTarget "NFC Tag Reader MIFAREUITests" */;
			buildPhases = (
				5E1C0B3B2D85E54A00BDB6B6 /* Sources */,
				5E1C0B3C2D85E54A00BDB6B6 /* Frameworks */,
				5E1C0B3D2D85E54A00BDB6B6 /* Resources */,
			);
			buildRules = (
			);
			dependencies = (
				5E1C0B412D85E54A00BDB6B6 /* PBXTargetDependency */,
			);
			fileSystemSynchronizedGroups = (
				5E1C0B422D85E54A00BDB6B6 /* NFC Tag Reader MIFAREUITests */,
			);
			name = "NFC Tag Reader MIFAREUITests";
			packageProductDependencies = (
			);
			productName = "NFC Tag Reader MIFAREUITests";
			productReference = 5E1C0B3F2D85E54A00BDB6B6 /* NFC Tag Reader MIFAREUITests.xctest */;
			productType = "com.apple.product-type.bundle.ui-testing";
		};
/* End PBXNativeTarget section */

/* Begin PBXProject section */
		5E1C0B1D2D85E54900BDB6B6 /* Project object */ = {
			isa = PBXProject;
			attributes = {
				BuildIndependentTargetsInParallel = 1;
				LastSwiftUpdateCheck = 1620;
				LastUpgradeCheck = 1620;
				TargetAttributes = {
					5E1C0B242D85E54900BDB6B6 = {
						CreatedOnToolsVersion = 16.2;
					};
					5E1C0B342D85E54A00BDB6B6 = {
						CreatedOnToolsVersion = 16.2;
						TestTargetID = 5E1C0B242D85E54900BDB6B6;
					};
					5E1C0B3E2D85E54A00BDB6B6 = {
						CreatedOnToolsVersion = 16.2;
						TestTargetID = 5E1C0B242D85E54900BDB6B6;
					};
				};
			};
			buildConfigurationList = 5E1C0B202D85E54900BDB6B6 /* Build configuration list for PBXProject "NFC Tag Reader MIFARE" */;
			developmentRegion = en;
			hasScannedForEncodings = 0;
			knownRegions = (
				en,
				Base,
			);
			mainGroup = 5E1C0B1C2D85E54900BDB6B6;
			minimizedProjectReferenceProxies = 1;
			preferredProjectObjectVersion = 77;
			productRefGroup = 5E1C0B262D85E54900BDB6B6 /* Products */;
			projectDirPath = "";
			projectRoot = "";
			targets = (
				5E1C0B242D85E54900BDB6B6 /* NFC Tag Reader MIFARE */,
				5E1C0B342D85E54A00BDB6B6 /* NFC Tag Reader MIFARETests */,
				5E1C0B3E2D85E54A00BDB6B6 /* NFC Tag Reader MIFAREUITests */,
			);
		};
/* End PBXProject section */

/* Begin PBXResourcesBuildPhase section */
		5E1C0B232D85E54900BDB6B6 /* Resources */ = {
			isa = PBXResourcesBuildPhase;
			buildActionMask = 2147483647;
			files = (
			);
			runOnlyForDeploymentPostprocessing = 0;
		};
		5E1C0B332D85E54A00BDB6B6 /* Resources */ = {
			isa = PBXResourcesBuildPhase;
			buildActionMask = 2147483647;
			files = (
			);
			runOnlyForDeploymentPostprocessing = 0;
		};
		5E1C0B3D2D85E54A00BDB6B6 /* Resources */ = {
			isa = PBXResourcesBuildPhase;
			buildActionMask = 2147483647;
			files = (
			);
			runOnlyForDeploymentPostprocessing = 0;
		};
/* End PBXResourcesBuildPhase section */

/* Begin PBXSourcesBuildPhase section */
		5E1C0B212D85E54900BDB6B6 /* Sources */ = {
			isa = PBXSourcesBuildPhase;
			buildActionMask = 2147483647;
			files = (
			);
			runOnlyForDeploymentPostprocessing = 0;
		};
		5E1C0B312D85E54A00BDB6B6 /* Sources */ = {
			isa = PBXSourcesBuildPhase;
			buildActionMask = 2147483647;
			files = (
			);
			runOnlyForDeploymentPostprocessing = 0;
		};
		5E1C0B3B2D85E54A00BDB6B6 /* Sources */ = {
			isa = PBXSourcesBuildPhase;
			buildActionMask = 2147483647;
			files = (
			);
			runOnlyForDeploymentPostprocessing = 0;
		};
/* End PBXSourcesBuildPhase section */

/* Begin PBXTargetDependency section */
		5E1C0B372D85E54A00BDB6B6 /* PBXTargetDependency */ = {
			isa = PBXTargetDependency;
			target = 5E1C0B242D85E54900BDB6B6 /* NFC Tag Reader MIFARE */;
			targetProxy = 5E1C0B362D85E54A00BDB6B6 /* PBXContainerItemProxy */;
		};
		5E1C0B412D85E54A00BDB6B6 /* PBXTargetDependency */ = {
			isa = PBXTargetDependency;
			target = 5E1C0B242D85E54900BDB6B6 /* NFC Tag Reader MIFARE */;
			targetProxy = 5E1C0B402D85E54A00BDB6B6 /* PBXContainerItemProxy */;
		};
/* End PBXTargetDependency section */

/* Begin XCBuildConfiguration section */
		5E1C0B472D85E54A00BDB6B6 /* Debug */ = {
			isa = XCBuildConfiguration;
			buildSettings = {
				ALWAYS_SEARCH_USER_PATHS = NO;
				ASSETCATALOG_COMPILER_GENERATE_SWIFT_ASSET_SYMBOL_EXTENSIONS = YES;
				CLANG_ANALYZER_NONNULL = YES;
				CLANG_ANALYZER_NUMBER_OBJECT_CONVERSION = YES_AGGRESSIVE;
				CLANG_CXX_LANGUAGE_STANDARD = "gnu++20";
				CLANG_ENABLE_MODULES = YES;
				CLANG_ENABLE_OBJC_ARC = YES;
				CLANG_ENABLE_OBJC_WEAK = YES;
				CLANG_WARN_BLOCK_CAPTURE_AUTORELEASING = YES;
				CLANG_WARN_BOOL_CONVERSION = YES;
				CLANG_WARN_COMMA = YES;
				CLANG_WARN_CONSTANT_CONVERSION = YES;
				CLANG_WARN_DEPRECATED_OBJC_IMPLEMENTATIONS = YES;
				CLANG_WARN_DIRECT_OBJC_ISA_USAGE = YES_ERROR;
				CLANG_WARN_DOCUMENTATION_COMMENTS = YES;
				CLANG_WARN_EMPTY_BODY = YES;
				CLANG_WARN_ENUM_CONVERSION = YES;
				CLANG_WARN_INFINITE_RECURSION = YES;
				CLANG_WARN_INT_CONVERSION = YES;
				CLANG_WARN_NON_LITERAL_NULL_CONVERSION = YES;
				CLANG_WARN_OBJC_IMPLICIT_RETAIN_SELF = YES;
				CLANG_WARN_OBJC_LITERAL_CONVERSION = YES;
				CLANG_WARN_OBJC_ROOT_CLASS = YES_ERROR;
				CLANG_WARN_QUOTED_INCLUDE_IN_FRAMEWORK_HEADER = YES;
				CLANG_WARN_RANGE_LOOP_ANALYSIS = YES;
				CLANG_WARN_STRICT_PROTOTYPES = YES;
				CLANG_WARN_SUSPICIOUS_MOVE = YES;
				CLANG_WARN_UNGUARDED_AVAILABILITY = YES_AGGRESSIVE;
				CLANG_WARN_UNREACHABLE_CODE = YES;
				CLANG_WARN__DUPLICATE_METHOD_MATCH = YES;
				COPY_PHASE_STRIP = NO;
				DEBUG_INFORMATION_FORMAT = dwarf;
				ENABLE_STRICT_OBJC_MSGSEND = YES;
				ENABLE_TESTABILITY = YES;
				ENABLE_USER_SCRIPT_SANDBOXING = YES;
				GCC_C_LANGUAGE_STANDARD = gnu17;
				GCC_DYNAMIC_NO_PIC = NO;
				GCC_NO_COMMON_BLOCKS = YES;
				GCC_OPTIMIZATION_LEVEL = 0;
				GCC_PREPROCESSOR_DEFINITIONS = (
					"DEBUG=1",
					"$(inherited)",
				);
				GCC_WARN_64_TO_32_BIT_CONVERSION = YES;
				GCC_WARN_ABOUT_RETURN_TYPE = YES_ERROR;
				GCC_WARN_UNDECLARED_SELECTOR = YES;
				GCC_WARN_UNINITIALIZED_AUTOS = YES_AGGRESSIVE;
				GCC_WARN_UNUSED_FUNCTION = YES;
				GCC_WARN_UNUSED_VARIABLE = YES;
				IPHONEOS_DEPLOYMENT_TARGET = 18.2;
				LOCALIZATION_PREFERS_STRING_CATALOGS = YES;
				MTL_ENABLE_DEBUG_INFO = INCLUDE_SOURCE;
				MTL_FAST_MATH = YES;
				ONLY_ACTIVE_ARCH = YES;
				SDKROOT = iphoneos;
				SWIFT_ACTIVE_COMPILATION_CONDITIONS = "DEBUG $(inherited)";
				SWIFT_OPTIMIZATION_LEVEL = "-Onone";
			};
			name = Debug;
		};
		5E1C0B482D85E54A00BDB6B6 /* Release */ = {
			isa = XCBuildConfiguration;
			buildSettings = {
				ALWAYS_SEARCH_USER_PATHS = NO;
				ASSETCATALOG_COMPILER_GENERATE_SWIFT_ASSET_SYMBOL_EXTENSIONS = YES;
				CLANG_ANALYZER_NONNULL = YES;
				CLANG_ANALYZER_NUMBER_OBJECT_CONVERSION = YES_AGGRESSIVE;
				CLANG_CXX_LANGUAGE_STANDARD = "gnu++20";
				CLANG_ENABLE_MODULES = YES;
				CLANG_ENABLE_OBJC_ARC = YES;
				CLANG_ENABLE_OBJC_WEAK = YES;
				CLANG_WARN_BLOCK_CAPTURE_AUTORELEASING = YES;
				CLANG_WARN_BOOL_CONVERSION = YES;
				CLANG_WARN_COMMA = YES;
				CLANG_WARN_CONSTANT_CONVERSION = YES;
				CLANG_WARN_DEPRECATED_OBJC_IMPLEMENTATIONS = YES;
				CLANG_WARN_DIRECT_OBJC_ISA_USAGE = YES_ERROR;
				CLANG_WARN_DOCUMENTATION_COMMENTS = YES;
				CLANG_WARN_EMPTY_BODY = YES;
				CLANG_WARN_ENUM_CONVERSION = YES;
				CLANG_WARN_INFINITE_RECURSION = YES;
				CLANG_WARN_INT_CONVERSION = YES;
				CLANG_WARN_NON_LITERAL_NULL_CONVERSION = YES;
				CLANG_WARN_OBJC_IMPLICIT_RETAIN_SELF = YES;
				CLANG_WARN_OBJC_LITERAL_CONVERSION = YES;
				CLANG_WARN_OBJC_ROOT_CLASS = YES_ERROR;
				CLANG_WARN_QUOTED_INCLUDE_IN_FRAMEWORK_HEADER = YES;
				CLANG_WARN_RANGE_LOOP_ANALYSIS = YES;
				CLANG_WARN_STRICT_PROTOTYPES = YES;
				CLANG_WARN_SUSPICIOUS_MOVE = YES;
				CLANG_WARN_UNGUARDED_AVAILABILITY = YES_AGGRESSIVE;
				CLANG_WARN_UNREACHABLE_CODE = YES;
				CLANG_WARN__DUPLICATE_METHOD_MATCH = YES;
				COPY_PHASE_STRIP = NO;
				DEBUG_INFORMATION_FORMAT = "dwarf-with-dsym";
				ENABLE_NS_ASSERTIONS = NO;
				ENABLE_STRICT_OBJC_MSGSEND = YES;
				ENABLE_USER_SCRIPT_SANDBOXING = YES;
				GCC_C_LANGUAGE_STANDARD = gnu17;
				GCC_NO_COMMON_BLOCKS = YES;
				GCC_WARN_64_TO_32_BIT_CONVERSION = YES;
				GCC_WARN_ABOUT_RETURN_TYPE = YES_ERROR;
				GCC_WARN_UNDECLARED_SELECTOR = YES;
				GCC_WARN_UNINITIALIZED_AUTOS = YES_AGGRESSIVE;
				GCC_WARN_UNUSED_FUNCTION = YES;
				GCC_WARN_UNUSED_VARIABLE = YES;
				IPHONEOS_DEPLOYMENT_TARGET = 18.2;
				LOCALIZATION_PREFERS_STRING_CATALOGS = YES;
				MTL_ENABLE_DEBUG_INFO = NO;
				MTL_FAST_MATH = YES;
				SDKROOT = iphoneos;
				SWIFT_COMPILATION_MODE = wholemodule;
				VALIDATE_PRODUCT = YES;
			};
			name = Release;
		};
		5E1C0B4A2D85E54A00BDB6B6 /* Debug */ = {
			isa = XCBuildConfiguration;
			buildSettings = {
				ASSETCATALOG_COMPILER_APPICON_NAME = AppIcon;
				ASSETCATALOG_COMPILER_GLOBAL_ACCENT_COLOR_NAME = AccentColor;
				CODE_SIGN_ENTITLEMENTS = "NFC Tag Reader MIFARE/NFC Tag Reader MIFARE.entitlements";
				CODE_SIGN_STYLE = Automatic;
				CURRENT_PROJECT_VERSION = 1;
				DEVELOPMENT_ASSET_PATHS = "\"NFC Tag Reader MIFARE/Preview Content\"";
				DEVELOPMENT_TEAM = RUCL895JKR;
				ENABLE_PREVIEWS = YES;
				GENERATE_INFOPLIST_FILE = YES;
				INFOPLIST_KEY_CFBundleDisplayName = "NFC Tag Reader MIFARE";
				INFOPLIST_KEY_NFCReaderUsageDescription = "Esta aplicación necesita acceso a NFC para leer etiquetas MIFARE.";
				INFOPLIST_KEY_UIApplicationSceneManifest_Generation = YES;
				INFOPLIST_KEY_UIApplicationSupportsIndirectInputEvents = YES;
				INFOPLIST_KEY_UILaunchScreen_Generation = YES;
				INFOPLIST_KEY_UISupportedInterfaceOrientations_iPad = "UIInterfaceOrientationPortrait UIInterfaceOrientationPortraitUpsideDown UIInterfaceOrientationLandscapeLeft UIInterfaceOrientationLandscapeRight";
				INFOPLIST_KEY_UISupportedInterfaceOrientations_iPhone = "UIInterfaceOrientationPortrait UIInterfaceOrientationLandscapeLeft UIInterfaceOrientationLandscapeRight";
				LD_RUNPATH_SEARCH_PATHS = (
					"$(inherited)",
					"@executable_path/Frameworks",
				);
				MARKETING_VERSION = 1.0;
				PRODUCT_BUNDLE_IDENTIFIER = "youngermaster.NFC-Tag-Reader-MIFARE";
				PRODUCT_NAME = "$(TARGET_NAME)";
				SWIFT_EMIT_LOC_STRINGS = YES;
				SWIFT_VERSION = 5.0;
				TARGETED_DEVICE_FAMILY = "1,2";
			};
			name = Debug;
		};
		5E1C0B4B2D85E54A00BDB6B6 /* Release */ = {
			isa = XCBuildConfiguration;
			buildSettings = {
				ASSETCATALOG_COMPILER_APPICON_NAME = AppIcon;
				ASSETCATALOG_COMPILER_GLOBAL_ACCENT_COLOR_NAME = AccentColor;
				CODE_SIGN_ENTITLEMENTS = "NFC Tag Reader MIFARE/NFC Tag Reader MIFARE.entitlements";
				CODE_SIGN_STYLE = Automatic;
				CURRENT_PROJECT_VERSION = 1;
				DEVELOPMENT_ASSET_PATHS = "\"NFC Tag Reader MIFARE/Preview Content\"";
				DEVELOPMENT_TEAM = RUCL895JKR;
				ENABLE_PREVIEWS = YES;
				GENERATE_INFOPLIST_FILE = YES;
				INFOPLIST_KEY_NFCReaderUsageDescription = "Esta aplicación necesita acceso a NFC para leer etiquetas MIFARE.";
				INFOPLIST_KEY_UIApplicationSceneManifest_Generation = YES;
				INFOPLIST_KEY_UIApplicationSupportsIndirectInputEvents = YES;
				INFOPLIST_KEY_UILaunchScreen_Generation = YES;
				INFOPLIST_KEY_UISupportedInterfaceOrientations_iPad = "UIInterfaceOrientationPortrait UIInterfaceOrientationPortraitUpsideDown UIInterfaceOrientationLandscapeLeft UIInterfaceOrientationLandscapeRight";
				INFOPLIST_KEY_UISupportedInterfaceOrientations_iPhone = "UIInterfaceOrientationPortrait UIInterfaceOrientationLandscapeLeft UIInterfaceOrientationLandscapeRight";
				LD_RUNPATH_SEARCH_PATHS = (
					"$(inherited)",
					"@executable_path/Frameworks",
				);
				MARKETING_VERSION = 1.0;
				PRODUCT_BUNDLE_IDENTIFIER = "youngermaster.NFC-Tag-Reader-MIFARE";
				PRODUCT_NAME = "$(TARGET_NAME)";
				SWIFT_EMIT_LOC_STRINGS = YES;
				SWIFT_VERSION = 5.0;
				TARGETED_DEVICE_FAMILY = "1,2";
			};
			name = Release;
		};
		5E1C0B4D2D85E54B00BDB6B6 /* Debug */ = {
			isa = XCBuildConfiguration;
			buildSettings = {
				BUNDLE_LOADER = "$(TEST_HOST)";
				CODE_SIGN_STYLE = Automatic;
				CURRENT_PROJECT_VERSION = 1;
				DEVELOPMENT_TEAM = RUCL895JKR;
				GENERATE_INFOPLIST_FILE = YES;
				IPHONEOS_DEPLOYMENT_TARGET = 18.2;
				MARKETING_VERSION = 1.0;
				PRODUCT_BUNDLE_IDENTIFIER = "youngermaster.NFC-Tag-Reader-MIFARETests";
				PRODUCT_NAME = "$(TARGET_NAME)";
				SWIFT_EMIT_LOC_STRINGS = NO;
				SWIFT_VERSION = 5.0;
				TARGETED_DEVICE_FAMILY = "1,2";
				TEST_HOST = "$(BUILT_PRODUCTS_DIR)/NFC Tag Reader MIFARE.app/$(BUNDLE_EXECUTABLE_FOLDER_PATH)/NFC Tag Reader MIFARE";
			};
			name = Debug;
		};
		5E1C0B4E2D85E54B00BDB6B6 /* Release */ = {
			isa = XCBuildConfiguration;
			buildSettings = {
				BUNDLE_LOADER = "$(TEST_HOST)";
				CODE_SIGN_STYLE = Automatic;
				CURRENT_PROJECT_VERSION = 1;
				DEVELOPMENT_TEAM = RUCL895JKR;
				GENERATE_INFOPLIST_FILE = YES;
				IPHONEOS_DEPLOYMENT_TARGET = 18.2;
				MARKETING_VERSION = 1.0;
				PRODUCT_BUNDLE_IDENTIFIER = "youngermaster.NFC-Tag-Reader-MIFARETests";
				PRODUCT_NAME = "$(TARGET_NAME)";
				SWIFT_EMIT_LOC_STRINGS = NO;
				SWIFT_VERSION = 5.0;
				TARGETED_DEVICE_FAMILY = "1,2";
				TEST_HOST = "$(BUILT_PRODUCTS_DIR)/NFC Tag Reader MIFARE.app/$(BUNDLE_EXECUTABLE_FOLDER_PATH)/NFC Tag Reader MIFARE";
			};
			name = Release;
		};
		5E1C0B502D85E54B00BDB6B6 /* Debug */ = {
			isa = XCBuildConfiguration;
			buildSettings = {
				CODE_SIGN_STYLE = Automatic;
				CURRENT_PROJECT_VERSION = 1;
				DEVELOPMENT_TEAM = RUCL895JKR;
				GENERATE_INFOPLIST_FILE = YES;
				MARKETING_VERSION = 1.0;
				PRODUCT_BUNDLE_IDENTIFIER = "youngermaster.NFC-Tag-Reader-MIFAREUITests";
				PRODUCT_NAME = "$(TARGET_NAME)";
				SWIFT_EMIT_LOC_STRINGS = NO;
				SWIFT_VERSION = 5.0;
				TARGETED_DEVICE_FAMILY = "1,2";
				TEST_TARGET_NAME = "NFC Tag Reader MIFARE";
			};
			name = Debug;
		};
		5E1C0B512D85E54B00BDB6B6 /* Release */ = {
			isa = XCBuildConfiguration;
			buildSettings = {
				CODE_SIGN_STYLE = Automatic;
				CURRENT_PROJECT_VERSION = 1;
				DEVELOPMENT_TEAM = RUCL895JKR;
				GENERATE_INFOPLIST_FILE = YES;
				MARKETING_VERSION = 1.0;
				PRODUCT_BUNDLE_IDENTIFIER = "youngermaster.NFC-Tag-Reader-MIFAREUITests";
				PRODUCT_NAME = "$(TARGET_NAME)";
				SWIFT_EMIT_LOC_STRINGS = NO;
				SWIFT_VERSION = 5.0;
				TARGETED_DEVICE_FAMILY = "1,2";
				TEST_TARGET_NAME = "NFC Tag Reader MIFARE";
			};
			name = Release;
		};
/* End XCBuildConfiguration section */

/* Begin XCConfigurationList section */
		5E1C0B202D85E54900BDB6B6 /* Build configuration list for PBXProject "NFC Tag Reader MIFARE" */ = {
			isa = XCConfigurationList;
			buildConfigurations = (
				5E1C0B472D85E54A00BDB6B6 /* Debug */,
				5E1C0B482D85E54A00BDB6B6 /* Release */,
			);
			defaultConfigurationIsVisible = 0;
			defaultConfigurationName = Release;
		};
		5E1C0B492D85E54A00BDB6B6 /* Build configuration list for PBXNativeTarget "NFC Tag Reader MIFARE" */ = {
			isa = XCConfigurationList;
			buildConfigurations = (
				5E1C0B4A2D85E54A00BDB6B6 /* Debug */,
				5E1C0B4B2D85E54A00BDB6B6 /* Release */,
			);
			defaultConfigurationIsVisible = 0;
			defaultConfigurationName = Release;
		};
		5E1C0B4C2D85E54B00BDB6B6 /* Build configuration list for PBXNativeTarget "NFC Tag Reader MIFARETests" */ = {
			isa = XCConfigurationList;
			buildConfigurations = (
				5E1C0B4D2D85E54B00BDB6B6 /* Debug */,
				5E1C0B4E2D85E54B00BDB6B6 /* Release */,
			);
			defaultConfigurationIsVisible = 0;
			defaultConfigurationName = Release;
		};
		5E1C0B4F2D85E54B00BDB6B6 /* Build configuration list for PBXNativeTarget "NFC Tag Reader MIFAREUITests" */ = {
			isa = XCConfigurationList;
			buildConfigurations = (
				5E1C0B502D85E54B00BDB6B6 /* Debug */,
				5E1C0B512D85E54B00BDB6B6 /* Release */,
			);
			defaultConfigurationIsVisible = 0;
			defaultConfigurationName = Release;
		};
/* End XCConfigurationList section */
	};
	rootObject = 5E1C0B1D2D85E54900BDB6B6 /* Project object */;
}
